{
  "name": "@beeswax/node-glfw",
  "version": "0.4.3",
  "lockfileVersion": 2,
  "requires": true,
  "packages": {
    "": {
      "name": "@beeswax/node-glfw",
      "version": "0.4.3",
      "devDependencies": {
        "@beeswax/node-api": "^1.0.1",
        "@beeswax/toolchain": "^1.0.0",
        "node-addon-api": "^4.2.0"
      }
    },
    "node_modules/@beeswax/node-api": {
      "version": "1.0.1",
      "resolved": "https://registry.npmjs.org/@beeswax/node-api/-/node-api-1.0.1.tgz",
      "integrity": "sha512-Ef/hOxMLzAm3dpyd695DV53bLaQ2REg0LfpOe8zEadAfvjR6pdlb095YJ3AwKh14wjAtw0YtmLHiJbhSn+OC6g==",
      "dev": true,
      "dependencies": {
        "semver": "^7.3.5"
      }
    },
    "node_modules/@beeswax/toolchain": {
      "version": "1.0.0",
      "resolved": "https://registry.npmjs.org/@beeswax/toolchain/-/toolchain-1.0.0.tgz",
      "integrity": "sha512-YiJWkXEzbGJ5YWct3xg6X/8dRDCxYG8IH6yJZ36eQS0x+xJPiny/Mvcbb/tnlv1iisVYZV0BDz4bBHvxPfbKNg==",
      "cpu": [
        "x64",
        "x32"
      ],
      "dev": true,
      "os": [
        "win32",
        "linux",
        "darwin"
      ],
      "bin": {
        "toolchain": "toolchain.js"
      }
    },
    "node_modules/lru-cache": {
      "version": "6.0.0",
      "resolved": "https://registry.npmjs.org/lru-cache/-/lru-cache-6.0.0.tgz",
      "integrity": "sha512-Jo6dJ04CmSjuznwJSS3pUeWmd/H0ffTlkXXgwZi+eq1UCmqQwCh+eLsYOYCwY991i2Fah4h1BEMCx4qThGbsiA==",
      "dev": true,
      "dependencies": {
        "yallist": "^4.0.0"
      },
      "engines": {
        "node": ">=10"
      }
    },
    "node_modules/node-addon-api": {
      "version": "4.2.0",
      "resolved": "https://registry.npmjs.org/node-addon-api/-/node-addon-api-4.2.0.tgz",
      "integrity": "sha512-eazsqzwG2lskuzBqCGPi7Ac2UgOoMz8JVOXVhTvvPDYhthvNpefx8jWD8Np7Gv+2Sz0FlPWZk0nJV0z598Wn8Q==",
      "dev": true
    },
    "node_modules/semver": {
      "version": "7.3.5",
      "resolved": "https://registry.npmjs.org/semver/-/semver-7.3.5.tgz",
      "integrity": "sha512-PoeGJYh8HK4BTO/a9Tf6ZG3veo/A7ZVsYrSA6J8ny9nb3B1VrpkuN+z9OE5wfE5p6H4LchYZsegiQgbJD94ZFQ==",
      "dev": true,
      "dependencies": {
        "lru-cache": "^6.0.0"
      },
      "bin": {
        "semver": "bin/semver.js"
      },
      "engines": {
        "node": ">=10"
      }
    },
    "node_modules/yallist": {
      "version": "4.0.0",
      "resolved": "https://registry.npmjs.org/yallist/-/yallist-4.0.0.tgz",
      "integrity": "sha512-3wdGidZyq5PB084XLES5TpOSRA3wjXAlIWMhum2kRcv/41Sn2emQ0dycQW4uZXLejwKvg6EsvbdlVL+FYEct7A==",
      "dev": true
    }
  },
  "dependencies": {
    "@beeswax/node-api": {
      "version": "1.0.1",
      "resolved": "https://registry.npmjs.org/@beeswax/node-api/-/node-api-1.0.1.tgz",
      "integrity": "sha512-Ef/hOxMLzAm3dpyd695DV53bLaQ2REg0LfpOe8zEadAfvjR6pdlb095YJ3AwKh14wjAtw0YtmLHiJbhSn+OC6g==",
      "dev": true,
      "requires": {
        "semver": "^7.3.5"
      }
    },
    "@beeswax/toolchain": {
      "version": "1.0.0",
      "resolved": "https://registry.npmjs.org/@beeswax/toolchain/-/toolchain-1.0.0.tgz",
      "integrity": "sha512-YiJWkXEzbGJ5YWct3xg6X/8dRDCxYG8IH6yJZ36eQS0x+xJPiny/Mvcbb/tnlv1iisVYZV0BDz4bBHvxPfbKNg==",
      "dev": true
    },
    "lru-cache": {
      "version": "6.0.0",
      "resolved": "https://registry.npmjs.org/lru-cache/-/lru-cache-6.0.0.tgz",
      "integrity": "sha512-Jo6dJ04CmSjuznwJSS3pUeWmd/H0ffTlkXXgwZi+eq1UCmqQwCh+eLsYOYCwY991i2Fah4h1BEMCx4qThGbsiA==",
      "dev": true,
      "requires": {
        "yallist": "^4.0.0"
      }
    },
    "node-addon-api": {
      "version": "4.2.0",
      "resolved": "https://registry.npmjs.org/node-addon-api/-/node-addon-api-4.2.0.tgz",
      "integrity": "sha512-eazsqzwG2lskuzBqCGPi7Ac2UgOoMz8JVOXVhTvvPDYhthvNpefx8jWD8Np7Gv+2Sz0FlPWZk0nJV0z598Wn8Q==",
      "dev": true
    },
    "semver": {
      "version": "7.3.5",
      "resolved": "https://registry.npmjs.org/semver/-/semver-7.3.5.tgz",
      "integrity": "sha512-PoeGJYh8HK4BTO/a9Tf6ZG3veo/A7ZVsYrSA6J8ny9nb3B1VrpkuN+z9OE5wfE5p6H4LchYZsegiQgbJD94ZFQ==",
      "dev": true,
      "requires": {
        "lru-cache": "^6.0.0"
      }
    },
    "yallist": {
      "version": "4.0.0",
      "resolved": "https://registry.npmjs.org/yallist/-/yallist-4.0.0.tgz",
      "integrity": "sha512-3wdGidZyq5PB084XLES5TpOSRA3wjXAlIWMhum2kRcv/41Sn2emQ0dycQW4uZXLejwKvg6EsvbdlVL+FYEct7A==",
      "dev": true
    }
  }
}
